
Microsoft Visual Studio Solution File, Format Version 12.00
# Visual Studio Version 17
VisualStudioVersion = 17.6.33815.320
MinimumVisualStudioVersion = 10.0.40219.1
Project("{9A19103F-16F7-4668-BE54-9A1E7A4F7556}") = "ValidatorLibrary", "Library\ValidatorLibrary.csproj", "{03897AF6-E298-461D-8BA3-C204B5B97102}"
EndProject
Project("{9A19103F-16F7-4668-BE54-9A1E7A4F7556}") = "ValidatorTests2", "MathTestProject\ValidatorTests2.csproj", "{7F33B3C8-CD79-479E-BDF0-166929019A3E}"
EndProject
Global
	GlobalSection(SolutionConfigurationPlatforms) = preSolution
		Debug|Any CPU = Debug|Any CPU
		Release|Any CPU = Release|Any CPU
	EndGlobalSection
	GlobalSection(ProjectConfigurationPlatforms) = postSolution
		{03897AF6-E298-461D-8BA3-C204B5B97102}.Debug|Any CPU.ActiveCfg = Debug|Any CPU
		{03897AF6-E298-461D-8BA3-C204B5B97102}.Debug|Any CPU.Build.0 = Debug|Any CPU
		{03897AF6-E298-461D-8BA3-C204B5B97102}.Release|Any CPU.ActiveCfg = Release|Any CPU
		{03897AF6-E298-461D-8BA3-C204B5B97102}.Release|Any CPU.Build.0 = Release|Any CPU
		{7F33B3C8-CD79-479E-BDF0-166929019A3E}.Debug|Any CPU.ActiveCfg = Debug|Any CPU
		{7F33B3C8-CD79-479E-BDF0-166929019A3E}.Debug|Any CPU.Build.0 = Debug|Any CPU
		{7F33B3C8-CD79-479E-BDF0-166929019A3E}.Release|Any CPU.ActiveCfg = Release|Any CPU
		{7F33B3C8-CD79-479E-BDF0-166929019A3E}.Release|Any CPU.Build.0 = Release|Any CPU
	EndGlobalSection
	GlobalSection(SolutionProperties) = preSolution
		HideSolutionNode = FALSE
	EndGlobalSection
	GlobalSection(ExtensibilityGlobals) = postSolution
		SolutionGuid = {E6D13745-1B35-438C-9F47-9E5E8D9EC0C4}
	EndGlobalSection
EndGlobal
